{
  "projects": [
    {
      "projectId": "gmeH6XgPaBtkt51HunAo4g",
      "version": "18.29.0",
      "dependencies": {},
      "lang": "js",
      "fileLocks": [
        {
          "assetId": "gmeH6XgPaBtkt51HunAo4g",
          "type": "projectCss",
          "checksum": "56a5d447501c0753e4cf451641894e78"
        },
        {
          "assetId": "gmeH6XgPaBtkt51HunAo4g",
          "checksum": "b257914c183ee7b8f06149f466106930",
          "type": "projectModule"
        },
        {
          "assetId": "gmeH6XgPaBtkt51HunAo4g",
          "checksum": "4b5f09b218e05c2944d99d725c0d2de2",
          "type": "styleTokensProvider"
        }
      ],
      "codegenVersion": "0.0.2"
    },
    {
      "projectId": "n77bFagGCBm17CMGVYCTUy",
      "version": "latest",
      "dependencies": {
        "gmeH6XgPaBtkt51HunAo4g": "18.29.0",
        "YUiM7yqBWAqsh8KSnrdj7": "0.39.0",
        "kS7YGZfVr6mU43XDQjXELc": "0.24.0"
      },
      "lang": "js",
      "fileLocks": [
        {
          "type": "globalVariant",
          "assetId": "zl7fOelMMksH",
          "checksum": "529f65b75809505cb144de2a9446ced1"
        },
        {
          "assetId": "n77bFagGCBm17CMGVYCTUy",
          "checksum": "3c2c5bbc296fb19497c57f9900fa34fc",
          "type": "projectModule"
        },
        {
          "assetId": "n77bFagGCBm17CMGVYCTUy",
          "checksum": "45f4038cbe26c1b9eb12566483341bf4",
          "type": "styleTokensProvider"
        },
        {
          "type": "renderModule",
          "assetId": "vQ8-6YDM7s90",
          "checksum": "ac0c587a4ab9e9ba339894fe99cf5e05"
        },
        {
          "type": "cssRules",
          "assetId": "vQ8-6YDM7s90",
          "checksum": "ac0c587a4ab9e9ba339894fe99cf5e05"
        },
        {
          "type": "renderModule",
          "assetId": "0Im7ofUWeSOU",
          "checksum": "3eca6154311b57177ab8fde54a43d6ec"
        },
        {
          "type": "cssRules",
          "assetId": "0Im7ofUWeSOU",
          "checksum": "3eca6154311b57177ab8fde54a43d6ec"
        },
        {
          "type": "icon",
          "assetId": "h8PYg-z38PPU",
          "checksum": "32adccaed8e48c33184f06ee3da7a286"
        },
        {
          "type": "icon",
          "assetId": "YH6kUnJPxm1w",
          "checksum": "497fedb594cc026b30061d1bfeb14da0"
        },
        {
          "type": "renderModule",
          "assetId": "oZG5dj1wkNtC",
          "checksum": "48fbc364e7116ba2fa2392ea940796c9"
        },
        {
          "type": "cssRules",
          "assetId": "oZG5dj1wkNtC",
          "checksum": "48fbc364e7116ba2fa2392ea940796c9"
        },
        {
          "type": "renderModule",
          "assetId": "ZUF7G1hL7Yqs",
          "checksum": "3fa3bad8800b618a39465f0210bfd0f9"
        },
        {
          "type": "cssRules",
          "assetId": "ZUF7G1hL7Yqs",
          "checksum": "3fa3bad8800b618a39465f0210bfd0f9"
        },
        {
          "type": "renderModule",
          "assetId": "NA_hOn8-IjSe",
          "checksum": "eb2a9b46a26efd3b658f48d41754b998"
        },
        {
          "type": "cssRules",
          "assetId": "NA_hOn8-IjSe",
          "checksum": "eb2a9b46a26efd3b658f48d41754b998"
        },
        {
          "type": "renderModule",
          "assetId": "gP0kW2ReuBiN",
          "checksum": "6ba5f9dd70a1c8143f610cf2c71bc51f"
        },
        {
          "type": "cssRules",
          "assetId": "gP0kW2ReuBiN",
          "checksum": "6ba5f9dd70a1c8143f610cf2c71bc51f"
        },
        {
          "type": "renderModule",
          "assetId": "bO1zqe-W4Egq",
          "checksum": "68c01ffe9997844f012ff539e514478e"
        },
        {
          "type": "cssRules",
          "assetId": "bO1zqe-W4Egq",
          "checksum": "68c01ffe9997844f012ff539e514478e"
        },
        {
          "type": "renderModule",
          "assetId": "sWXMCQynZyP7",
          "checksum": "510927970acf520cd254c166988be20e"
        },
        {
          "type": "cssRules",
          "assetId": "sWXMCQynZyP7",
          "checksum": "510927970acf520cd254c166988be20e"
        },
        {
          "assetId": "n77bFagGCBm17CMGVYCTUy",
          "type": "projectCss",
          "checksum": "06d225fcecabc5afcb8fe754bcd54b07"
        },
        {
          "type": "renderModule",
          "assetId": "LoLK9HVqKHny",
          "checksum": "02d55ae148bcdf0b47019794de981d84"
        },
        {
          "type": "cssRules",
          "assetId": "LoLK9HVqKHny",
          "checksum": "02d55ae148bcdf0b47019794de981d84"
        },
        {
          "type": "renderModule",
          "assetId": "2RGaYL0IFbFk",
          "checksum": "e67f7632fbb17343ecb5172672a0e199"
        },
        {
          "type": "cssRules",
          "assetId": "2RGaYL0IFbFk",
          "checksum": "e67f7632fbb17343ecb5172672a0e199"
        },
        {
          "type": "icon",
          "assetId": "LjOpJkPjz389",
          "checksum": "39158127c68a59ba82c68b657a41efd3"
        }
      ],
      "codegenVersion": "0.0.2"
    },
    {
      "projectId": "kS7YGZfVr6mU43XDQjXELc",
      "version": "0.24.0",
      "dependencies": {},
      "lang": "js",
      "fileLocks": [
        {
          "assetId": "kS7YGZfVr6mU43XDQjXELc",
          "type": "projectCss",
          "checksum": "56a5d447501c0753e4cf451641894e78"
        },
        {
          "assetId": "kS7YGZfVr6mU43XDQjXELc",
          "checksum": "29aedc69d21f4efbbdc5047eb2da9f98",
          "type": "projectModule"
        },
        {
          "assetId": "kS7YGZfVr6mU43XDQjXELc",
          "checksum": "40443e9ee5b8e6caf628fa486e6d30b6",
          "type": "styleTokensProvider"
        }
      ],
      "codegenVersion": "0.0.2"
    },
    {
      "projectId": "YUiM7yqBWAqsh8KSnrdj7",
      "version": "0.39.0",
      "dependencies": {},
      "lang": "js",
      "fileLocks": [
        {
          "assetId": "YUiM7yqBWAqsh8KSnrdj7",
          "type": "projectCss",
          "checksum": "ebb8c104b63b9cc3f20a89d589bd5728"
        },
        {
          "assetId": "YUiM7yqBWAqsh8KSnrdj7",
          "checksum": "7c3f9f2189eb5f1bfd2d5e9568f4495a",
          "type": "projectModule"
        },
        {
          "assetId": "YUiM7yqBWAqsh8KSnrdj7",
          "checksum": "0f6f79d4f5e07d247ce511ae9a8f00df",
          "type": "styleTokensProvider"
        }
      ],
      "codegenVersion": "0.0.2"
    }
  ],
  "cliVersion": "0.1.348"
}
