{
  "projects": [
    {
      "projectId": "gmeH6XgPaBtkt51HunAo4g",
      "version": "18.29.0",
      "dependencies": {},
      "lang": "js",
      "fileLocks": [
        {
          "assetId": "gmeH6XgPaBtkt51HunAo4g",
          "type": "projectCss",
          "checksum": "56a5d447501c0753e4cf451641894e78"
        },
        {
          "assetId": "gmeH6XgPaBtkt51HunAo4g",
          "checksum": "b257914c183ee7b8f06149f466106930",
          "type": "projectModule"
        },
        {
          "assetId": "gmeH6XgPaBtkt51HunAo4g",
          "checksum": "4b5f09b218e05c2944d99d725c0d2de2",
          "type": "styleTokensProvider"
        }
      ],
      "codegenVersion": "0.0.2"
    },
    {
      "projectId": "n77bFagGCBm17CMGVYCTUy",
      "version": "latest",
      "dependencies": {
        "gmeH6XgPaBtkt51HunAo4g": "18.29.0"
      },
      "lang": "js",
      "fileLocks": [
        {
          "type": "globalVariant",
          "assetId": "zl7fOelMMksH",
          "checksum": "529f65b75809505cb144de2a9446ced1"
        },
        {
          "assetId": "n77bFagGCBm17CMGVYCTUy",
          "checksum": "3c2c5bbc296fb19497c57f9900fa34fc",
          "type": "projectModule"
        },
        {
          "assetId": "n77bFagGCBm17CMGVYCTUy",
          "checksum": "45f4038cbe26c1b9eb12566483341bf4",
          "type": "styleTokensProvider"
        },
        {
          "type": "renderModule",
          "assetId": "vQ8-6YDM7s90",
          "checksum": "2fa6bc9be978e57f1ef270f5b904b865"
        },
        {
          "type": "cssRules",
          "assetId": "vQ8-6YDM7s90",
          "checksum": "2fa6bc9be978e57f1ef270f5b904b865"
        },
        {
          "type": "renderModule",
          "assetId": "0Im7ofUWeSOU",
          "checksum": "3eca6154311b57177ab8fde54a43d6ec"
        },
        {
          "type": "cssRules",
          "assetId": "0Im7ofUWeSOU",
          "checksum": "3eca6154311b57177ab8fde54a43d6ec"
        },
        {
          "type": "icon",
          "assetId": "h8PYg-z38PPU",
          "checksum": "32adccaed8e48c33184f06ee3da7a286"
        },
        {
          "type": "icon",
          "assetId": "YH6kUnJPxm1w",
          "checksum": "497fedb594cc026b30061d1bfeb14da0"
        },
        {
          "type": "renderModule",
          "assetId": "oZG5dj1wkNtC",
          "checksum": "48fbc364e7116ba2fa2392ea940796c9"
        },
        {
          "type": "cssRules",
          "assetId": "oZG5dj1wkNtC",
          "checksum": "48fbc364e7116ba2fa2392ea940796c9"
        },
        {
          "type": "renderModule",
          "assetId": "ZUF7G1hL7Yqs",
          "checksum": "3fa3bad8800b618a39465f0210bfd0f9"
        },
        {
          "type": "cssRules",
          "assetId": "ZUF7G1hL7Yqs",
          "checksum": "3fa3bad8800b618a39465f0210bfd0f9"
        },
        {
          "type": "renderModule",
          "assetId": "NA_hOn8-IjSe",
          "checksum": "eb2a9b46a26efd3b658f48d41754b998"
        },
        {
          "type": "cssRules",
          "assetId": "NA_hOn8-IjSe",
          "checksum": "eb2a9b46a26efd3b658f48d41754b998"
        },
        {
          "type": "renderModule",
          "assetId": "gP0kW2ReuBiN",
          "checksum": "6ba5f9dd70a1c8143f610cf2c71bc51f"
        },
        {
          "type": "cssRules",
          "assetId": "gP0kW2ReuBiN",
          "checksum": "6ba5f9dd70a1c8143f610cf2c71bc51f"
        },
        {
          "assetId": "n77bFagGCBm17CMGVYCTUy",
          "type": "projectCss",
          "checksum": "60ecc758d25d0d9bc208553b62feff39"
        }
      ],
      "codegenVersion": "0.0.2"
    }
  ],
  "cliVersion": "0.1.348"
}
